{
  "version": 4,
  "terraform_version": "1.13.5",
  "serial": 22,
  "lineage": "81c05d2d-ab30-2802-c23b-c677c3f32549",
  "outputs": {
    "iam_role_name": {
      "value": "MyJenkinsCICDLambda-exec-role",
      "type": "string"
    },
    "lambda_function_arn": {
      "value": "arn:aws:lambda:us-east-1:850718836685:function:MyJenkinsCICDLambda",
      "type": "string"
    },
    "lambda_function_name": {
      "value": "MyJenkinsCICDLambda",
      "type": "string"
    }
  },
  "resources": [
    {
      "mode": "data",
      "type": "archive_file",
      "name": "lambda_zip",
      "provider": "provider[\"registry.terraform.io/hashicorp/archive\"]",
      "instances": [
        {
          "schema_version": 0,
          "attributes": {
            "exclude_symlink_directories": null,
            "excludes": null,
            "id": "aefb0facd0a9067a9993eebaa18d72a27d418aa4",
            "output_base64sha256": "tWOLVyRaN+QImbnuqo5pcmlKc/pDQlkgQEc/YjYHlGI=",
            "output_base64sha512": "nXLoqkN7fEqrPJV2NJpS6BFfgJXmYZy2bT/qLRl/ZlalNmgFtLwtMeQLE/jIFodwKGWywyQgwplnZfeh5pkalQ==",
            "output_file_mode": null,
            "output_md5": "c1b3d1e992fc1cfaf969af6f086d26f3",
            "output_path": "lambda.zip",
            "output_sha": "aefb0facd0a9067a9993eebaa18d72a27d418aa4",
            "output_sha256": "b5638b57245a37e40899b9eeaa8e6972694a73fa4342592040473f6236079462",
            "output_sha512": "9d72e8aa437b7c4aab3c9576349a52e8115f8095e6619cb66d3fea2d197f6656a5366805b4bc2d31e40b13f8c81687702865b2c32420c2996765f7a1e6991a95",
            "output_size": 1059,
            "source": [],
            "source_content": null,
            "source_content_filename": null,
            "source_dir": null,
            "source_file": "../lambda_function/lambda_handler.py",
            "type": "zip"
          },
          "sensitive_attributes": [],
          "identity_schema_version": 0
        }
      ]
    },
    {
      "mode": "managed",
      "type": "aws_apigatewayv2_api",
      "name": "http_api",
      "provider": "provider[\"registry.terraform.io/hashicorp/aws\"]",
      "instances": [
        {
          "schema_version": 0,
          "attributes": {
            "api_endpoint": "https://kfh1tvg0ha.execute-api.us-east-1.amazonaws.com",
            "api_key_selection_expression": "$request.header.x-api-key",
            "arn": "arn:aws:apigateway:us-east-1::/apis/kfh1tvg0ha",
            "body": null,
            "cors_configuration": [],
            "credentials_arn": null,
            "description": "",
            "disable_execute_api_endpoint": false,
            "execution_arn": "arn:aws:execute-api:us-east-1:850718836685:kfh1tvg0ha",
            "fail_on_warnings": null,
            "id": "kfh1tvg0ha",
            "ip_address_type": "ipv4",
            "name": "MyJenkinsCICDLambda-api",
            "protocol_type": "HTTP",
            "region": "us-east-1",
            "route_key": null,
            "route_selection_expression": "$request.method $request.path",
            "tags": {},
            "tags_all": {},
            "target": null,
            "version": ""
          },
          "sensitive_attributes": [],
          "identity_schema_version": 0,
          "private": "bnVsbA=="
        }
      ]
    },
    {
      "mode": "managed",
      "type": "aws_apigatewayv2_integration",
      "name": "lambda_integration",
      "provider": "provider[\"registry.terraform.io/hashicorp/aws\"]",
      "instances": [
        {
          "schema_version": 0,
          "attributes": {
            "api_id": "kfh1tvg0ha",
            "connection_id": "",
            "connection_type": "INTERNET",
            "content_handling_strategy": "",
            "credentials_arn": "",
            "description": "",
            "id": "vgzpp6v",
            "integration_method": "POST",
            "integration_response_selection_expression": "",
            "integration_subtype": "",
            "integration_type": "AWS_PROXY",
            "integration_uri": "arn:aws:lambda:us-east-1:850718836685:function:MyJenkinsCICDLambda",
            "passthrough_behavior": "",
            "payload_format_version": "1.0",
            "region": "us-east-1",
            "request_parameters": {},
            "request_templates": {},
            "response_parameters": [],
            "template_selection_expression": "",
            "timeout_milliseconds": 30000,
            "tls_config": []
          },
          "sensitive_attributes": [],
          "identity_schema_version": 0,
          "private": "bnVsbA==",
          "dependencies": [
            "aws_apigatewayv2_api.http_api",
            "aws_iam_role.lambda_exec_role",
            "aws_lambda_function.my_lambda",
            "data.archive_file.lambda_zip"
          ]
        }
      ]
    },
    {
      "mode": "managed",
      "type": "aws_apigatewayv2_route",
      "name": "default_route",
      "provider": "provider[\"registry.terraform.io/hashicorp/aws\"]",
      "instances": [
        {
          "schema_version": 0,
          "attributes": {
            "api_id": "kfh1tvg0ha",
            "api_key_required": false,
            "authorization_scopes": [],
            "authorization_type": "NONE",
            "authorizer_id": "",
            "id": "d9wuuop",
            "model_selection_expression": "",
            "operation_name": "",
            "region": "us-east-1",
            "request_models": {},
            "request_parameter": [],
            "route_key": "ANY /{proxy+}",
            "route_response_selection_expression": "",
            "target": "integrations/vgzpp6v"
          },
          "sensitive_attributes": [],
          "identity_schema_version": 0,
          "private": "bnVsbA==",
          "dependencies": [
            "aws_apigatewayv2_api.http_api",
            "aws_apigatewayv2_integration.lambda_integration",
            "aws_iam_role.lambda_exec_role",
            "aws_lambda_function.my_lambda",
            "data.archive_file.lambda_zip"
          ]
        }
      ]
    },
    {
      "mode": "managed",
      "type": "aws_apigatewayv2_stage",
      "name": "default_stage",
      "provider": "provider[\"registry.terraform.io/hashicorp/aws\"]",
      "instances": [
        {
          "schema_version": 0,
          "attributes": {
            "access_log_settings": [],
            "api_id": "kfh1tvg0ha",
            "arn": "arn:aws:apigateway:us-east-1::/apis/kfh1tvg0ha/stages/$default",
            "auto_deploy": true,
            "client_certificate_id": "",
            "default_route_settings": [
              {
                "data_trace_enabled": false,
                "detailed_metrics_enabled": false,
                "logging_level": "",
                "throttling_burst_limit": 0,
                "throttling_rate_limit": 0
              }
            ],
            "deployment_id": "711cwq",
            "description": "",
            "execution_arn": "arn:aws:execute-api:us-east-1:850718836685:kfh1tvg0ha/$default",
            "id": "$default",
            "invoke_url": "https://kfh1tvg0ha.execute-api.us-east-1.amazonaws.com/",
            "name": "$default",
            "region": "us-east-1",
            "route_settings": [],
            "stage_variables": {},
            "tags": {},
            "tags_all": {}
          },
          "sensitive_attributes": [],
          "identity_schema_version": 0,
          "private": "bnVsbA==",
          "dependencies": [
            "aws_apigatewayv2_api.http_api"
          ]
        }
      ]
    },
    {
      "mode": "managed",
      "type": "aws_iam_role",
      "name": "lambda_exec_role",
      "provider": "provider[\"registry.terraform.io/hashicorp/aws\"]",
      "instances": [
        {
          "schema_version": 0,
          "attributes": {
            "arn": "arn:aws:iam::850718836685:role/MyJenkinsCICDLambda-exec-role",
            "assume_role_policy": "{\"Statement\":[{\"Action\":\"sts:AssumeRole\",\"Effect\":\"Allow\",\"Principal\":{\"Service\":\"lambda.amazonaws.com\"}}],\"Version\":\"2012-10-17\"}",
            "create_date": "2025-12-04T13:59:01Z",
            "description": "",
            "force_detach_policies": false,
            "id": "MyJenkinsCICDLambda-exec-role",
            "inline_policy": [],
            "managed_policy_arns": [],
            "max_session_duration": 3600,
            "name": "MyJenkinsCICDLambda-exec-role",
            "name_prefix": "",
            "path": "/",
            "permissions_boundary": "",
            "tags": {},
            "tags_all": {},
            "unique_id": "AROA4MEWLI7G2DB2USC5P"
          },
          "sensitive_attributes": [],
          "identity_schema_version": 0,
          "identity": {
            "account_id": "850718836685",
            "name": "MyJenkinsCICDLambda-exec-role"
          },
          "private": "bnVsbA=="
        }
      ]
    },
    {
      "mode": "managed",
      "type": "aws_lambda_function",
      "name": "my_lambda",
      "provider": "provider[\"registry.terraform.io/hashicorp/aws\"]",
      "instances": [
        {
          "schema_version": 0,
          "attributes": {
            "architectures": [
              "x86_64"
            ],
            "arn": "arn:aws:lambda:us-east-1:850718836685:function:MyJenkinsCICDLambda",
            "capacity_provider_config": [],
            "code_sha256": "tWOLVyRaN+QImbnuqo5pcmlKc/pDQlkgQEc/YjYHlGI=",
            "code_signing_config_arn": "",
            "dead_letter_config": [],
            "description": "",
            "environment": [],
            "ephemeral_storage": [
              {
                "size": 512
              }
            ],
            "file_system_config": [],
            "filename": "lambda.zip",
            "function_name": "MyJenkinsCICDLambda",
            "handler": "lambda_handler.lambda_handler",
            "id": "MyJenkinsCICDLambda",
            "image_config": [],
            "image_uri": "",
            "invoke_arn": "arn:aws:apigateway:us-east-1:lambda:path/2015-03-31/functions/arn:aws:lambda:us-east-1:850718836685:function:MyJenkinsCICDLambda/invocations",
            "kms_key_arn": "",
            "last_modified": "2025-12-04T13:59:11.354+0000",
            "layers": [],
            "logging_config": [
              {
                "application_log_level": "",
                "log_format": "Text",
                "log_group": "/aws/lambda/MyJenkinsCICDLambda",
                "system_log_level": ""
              }
            ],
            "memory_size": 128,
            "package_type": "Zip",
            "publish": false,
            "publish_to": null,
            "qualified_arn": "arn:aws:lambda:us-east-1:850718836685:function:MyJenkinsCICDLambda:$LATEST",
            "qualified_invoke_arn": "arn:aws:apigateway:us-east-1:lambda:path/2015-03-31/functions/arn:aws:lambda:us-east-1:850718836685:function:MyJenkinsCICDLambda:$LATEST/invocations",
            "region": "us-east-1",
            "replace_security_groups_on_destroy": null,
            "replacement_security_group_ids": null,
            "reserved_concurrent_executions": -1,
            "role": "arn:aws:iam::850718836685:role/MyJenkinsCICDLambda-exec-role",
            "runtime": "python3.11",
            "s3_bucket": null,
            "s3_key": null,
            "s3_object_version": null,
            "signing_job_arn": "",
            "signing_profile_version_arn": "",
            "skip_destroy": false,
            "snap_start": [],
            "source_code_hash": "tWOLVyRaN+QImbnuqo5pcmlKc/pDQlkgQEc/YjYHlGI=",
            "source_code_size": 1059,
            "source_kms_key_arn": "",
            "tags": {},
            "tags_all": {},
            "tenancy_config": [],
            "timeout": 3,
            "timeouts": null,
            "tracing_config": [
              {
                "mode": "PassThrough"
              }
            ],
            "version": "$LATEST",
            "vpc_config": []
          },
          "sensitive_attributes": [],
          "identity_schema_version": 0,
          "identity": {
            "account_id": "850718836685",
            "function_name": "MyJenkinsCICDLambda",
            "region": "us-east-1"
          },
          "private": "eyJlMmJmYjczMC1lY2FhLTExZTYtOGY4OC0zNDM2M2JjN2M0YzAiOnsiY3JlYXRlIjo2MDAwMDAwMDAwMDAsImRlbGV0ZSI6NjAwMDAwMDAwMDAwLCJ1cGRhdGUiOjYwMDAwMDAwMDAwMH19",
          "dependencies": [
            "aws_iam_role.lambda_exec_role",
            "data.archive_file.lambda_zip"
          ]
        }
      ]
    },
    {
      "mode": "managed",
      "type": "aws_lambda_permission",
      "name": "apigw_lambda_permission",
      "provider": "provider[\"registry.terraform.io/hashicorp/aws\"]",
      "instances": [
        {
          "schema_version": 0,
          "attributes": {
            "action": "lambda:InvokeFunction",
            "event_source_token": null,
            "function_name": "MyJenkinsCICDLambda",
            "function_url_auth_type": null,
            "id": "AllowAPIGatewayInvoke",
            "principal": "apigateway.amazonaws.com",
            "principal_org_id": null,
            "qualifier": "",
            "region": "us-east-1",
            "source_account": null,
            "source_arn": "arn:aws:execute-api:us-east-1:850718836685:kfh1tvg0ha/*/*",
            "statement_id": "AllowAPIGatewayInvoke",
            "statement_id_prefix": ""
          },
          "sensitive_attributes": [],
          "identity_schema_version": 0,
          "identity": {
            "account_id": "850718836685",
            "function_name": "MyJenkinsCICDLambda",
            "qualifier": null,
            "region": "us-east-1",
            "statement_id": "AllowAPIGatewayInvoke"
          },
          "private": "bnVsbA==",
          "dependencies": [
            "aws_apigatewayv2_api.http_api",
            "aws_iam_role.lambda_exec_role",
            "aws_lambda_function.my_lambda",
            "data.archive_file.lambda_zip"
          ]
        }
      ]
    }
  ],
  "check_results": null
}
